
Microsoft Visual Studio Solution File, Format Version 12.00
# Visual Studio Version 16
VisualStudioVersion = 16.0.31729.503
MinimumVisualStudioVersion = 10.0.40219.1
Project("{FAE04EC0-301F-11D3-BF4B-00C04F79EFBC}") = "doanwinform", "doanwinform\doanwinform.csproj", "{E27ACD27-AD2B-4D00-A593-232B160724FC}"
EndProject
Global
	GlobalSection(SolutionConfigurationPlatforms) = preSolution
		Debug|Any CPU = Debug|Any CPU
		Release|Any CPU = Release|Any CPU
	EndGlobalSection
	GlobalSection(ProjectConfigurationPlatforms) = postSolution
		{E27ACD27-AD2B-4D00-A593-232B160724FC}.Debug|Any CPU.ActiveCfg = Debug|Any CPU
		{E27ACD27-AD2B-4D00-A593-232B160724FC}.Debug|Any CPU.Build.0 = Debug|Any CPU
		{E27ACD27-AD2B-4D00-A593-232B160724FC}.Release|Any CPU.ActiveCfg = Release|Any CPU
		{E27ACD27-AD2B-4D00-A593-232B160724FC}.Release|Any CPU.Build.0 = Release|Any CPU
	EndGlobalSection
	GlobalSection(SolutionProperties) = preSolution
		HideSolutionNode = FALSE
	EndGlobalSection
	GlobalSection(ExtensibilityGlobals) = postSolution
		SolutionGuid = {C61B3597-B050-4228-93C4-A2F022803E3D}
	EndGlobalSection
EndGlobal
